
Microsoft Visual Studio Solution File, Format Version 12.00
# Visual Studio Version 17
VisualStudioVersion = 17.8.34330.188
MinimumVisualStudioVersion = 10.0.40219.1
Project("{FAE04EC0-301F-11D3-BF4B-00C04F79EFBC}") = "SignalRDemo", "SignalRDemo\SignalRDemo.csproj", "{21355B6E-EB52-4652-BD78-2E07E04DD954}"
EndProject
Global
	GlobalSection(SolutionConfigurationPlatforms) = preSolution
		Debug|Any CPU = Debug|Any CPU
		Release|Any CPU = Release|Any CPU
	EndGlobalSection
	GlobalSection(ProjectConfigurationPlatforms) = postSolution
		{21355B6E-EB52-4652-BD78-2E07E04DD954}.Debug|Any CPU.ActiveCfg = Debug|Any CPU
		{21355B6E-EB52-4652-BD78-2E07E04DD954}.Debug|Any CPU.Build.0 = Debug|Any CPU
		{21355B6E-EB52-4652-BD78-2E07E04DD954}.Release|Any CPU.ActiveCfg = Release|Any CPU
		{21355B6E-EB52-4652-BD78-2E07E04DD954}.Release|Any CPU.Build.0 = Release|Any CPU
	EndGlobalSection
	GlobalSection(SolutionProperties) = preSolution
		HideSolutionNode = FALSE
	EndGlobalSection
	GlobalSection(ExtensibilityGlobals) = postSolution
		SolutionGuid = {CD64FA2B-8099-4426-90E4-FA9F73DD7F11}
	EndGlobalSection
EndGlobal
